// !$*UTF8*$!
{
	archiveVersion = 1;
	classes = {
	};
	objectVersion = 46;
	objects = {

/* Begin PBXBuildFile section */
		C80626DD1E8A71BB00B0C363 /* Consts.swift in Sources */ = {isa = PBXBuildFile; fileRef = C80626DC1E8A71BB00B0C363 /* Consts.swift */; };
		C80626DF1E8A884400B0C363 /* ColorExtension.swift in Sources */ = {isa = PBXBuildFile; fileRef = C80626DE1E8A884400B0C363 /* ColorExtension.swift */; };
		C80626E31E8A8BBB00B0C363 /* FontExtension.swift in Sources */ = {isa = PBXBuildFile; fileRef = C80626E21E8A8BBB00B0C363 /* FontExtension.swift */; };
		C80B0C181E86DA1000500FE6 /* CoffeeObject.swift in Sources */ = {isa = PBXBuildFile; fileRef = C80B0C171E86DA1000500FE6 /* CoffeeObject.swift */; };
		C83844AD1E647ED400128033 /* HelperMethods.swift in Sources */ = {isa = PBXBuildFile; fileRef = C83844AC1E647ED400128033 /* HelperMethods.swift */; };
		C83844AF1E647EDB00128033 /* HelperConsts.swift in Sources */ = {isa = PBXBuildFile; fileRef = C83844AE1E647EDB00128033 /* HelperConsts.swift */; };
		C83844B11E647EED00128033 /* DataManager.swift in Sources */ = {isa = PBXBuildFile; fileRef = C83844B01E647EED00128033 /* DataManager.swift */; };
		C83844B71E64807000128033 /* User.swift in Sources */ = {isa = PBXBuildFile; fileRef = C83844B61E64807000128033 /* User.swift */; };
		C83844B91E64807A00128033 /* CoffeeType.swift in Sources */ = {isa = PBXBuildFile; fileRef = C83844B81E64807A00128033 /* CoffeeType.swift */; };
		C8430FFF1E893FDA00B77ABE /* ListExtensions.swift in Sources */ = {isa = PBXBuildFile; fileRef = C8430FFE1E893FDA00B77ABE /* ListExtensions.swift */; };
		C86170D91E93C96500CE13D2 /* RoundedImageView.swift in Sources */ = {isa = PBXBuildFile; fileRef = C86170D81E93C96500CE13D2 /* RoundedImageView.swift */; };
		C871AE9F1E97E99400194711 /* TableViewCellModel.swift in Sources */ = {isa = PBXBuildFile; fileRef = C871AE9E1E97E99400194711 /* TableViewCellModel.swift */; };
		C89F56851E76F16000511668 /* FileManager.swift in Sources */ = {isa = PBXBuildFile; fileRef = C89F56841E76F16000511668 /* FileManager.swift */; };
		C8B45D4B1E662411006FC962 /* SelectUserViewController.swift in Sources */ = {isa = PBXBuildFile; fileRef = C8B45D4A1E662411006FC962 /* SelectUserViewController.swift */; };
		C8B45D4D1E662576006FC962 /* SelectUserTableViewController.swift in Sources */ = {isa = PBXBuildFile; fileRef = C8B45D4C1E662576006FC962 /* SelectUserTableViewController.swift */; };
		C8B45D501E6627ED006FC962 /* SelectUserTableViewControllerCell.swift in Sources */ = {isa = PBXBuildFile; fileRef = C8B45D4F1E6627ED006FC962 /* SelectUserTableViewControllerCell.swift */; };
		C8D3AE0D1E647CA600B34E56 /* AppDelegate.swift in Sources */ = {isa = PBXBuildFile; fileRef = C8D3AE0C1E647CA600B34E56 /* AppDelegate.swift */; };
		C8D3AE141E647CA600B34E56 /* Main.storyboard in Resources */ = {isa = PBXBuildFile; fileRef = C8D3AE121E647CA600B34E56 /* Main.storyboard */; };
		C8D3AE161E647CA600B34E56 /* Assets.xcassets in Resources */ = {isa = PBXBuildFile; fileRef = C8D3AE151E647CA600B34E56 /* Assets.xcassets */; };
		C8D3AE191E647CA600B34E56 /* LaunchScreen.storyboard in Resources */ = {isa = PBXBuildFile; fileRef = C8D3AE171E647CA600B34E56 /* LaunchScreen.storyboard */; };
		C8DB96241E8FD75B0010CC00 /* MoveLeftRightViewControllerAnimatedTransitioning.swift in Sources */ = {isa = PBXBuildFile; fileRef = C8DB96231E8FD75B0010CC00 /* MoveLeftRightViewControllerAnimatedTransitioning.swift */; };
		C8DB96261E8FD8CC0010CC00 /* NavigationControllerDelegate.swift in Sources */ = {isa = PBXBuildFile; fileRef = C8DB96251E8FD8CC0010CC00 /* NavigationControllerDelegate.swift */; };
		C8E2B1F11E76E2E2001A9882 /* CommunicationManager.swift in Sources */ = {isa = PBXBuildFile; fileRef = C8E2B1F01E76E2E2001A9882 /* CommunicationManager.swift */; };
		C8EF65BD1E6F65F000B5C8E2 /* CoffeeViewController.swift in Sources */ = {isa = PBXBuildFile; fileRef = C8EF65BC1E6F65F000B5C8E2 /* CoffeeViewController.swift */; };
		C8EF65BF1E6F673B00B5C8E2 /* CoffeeTableViewController.swift in Sources */ = {isa = PBXBuildFile; fileRef = C8EF65BE1E6F673B00B5C8E2 /* CoffeeTableViewController.swift */; };
		C8EF65C11E6F67C800B5C8E2 /* CoffeeTableViewControllerCell.swift in Sources */ = {isa = PBXBuildFile; fileRef = C8EF65C01E6F67C800B5C8E2 /* CoffeeTableViewControllerCell.swift */; };
		C8EF65D21E70B75100B5C8E2 /* SF-UI-Text-Light.otf in Resources */ = {isa = PBXBuildFile; fileRef = C8EF65CD1E70B75100B5C8E2 /* SF-UI-Text-Light.otf */; };
		C8EF65D31E70B75100B5C8E2 /* SF-UI-Text-Medium.otf in Resources */ = {isa = PBXBuildFile; fileRef = C8EF65CE1E70B75100B5C8E2 /* SF-UI-Text-Medium.otf */; };
		C8EF65D41E70B75100B5C8E2 /* SF-UI-Text-Regular.otf in Resources */ = {isa = PBXBuildFile; fileRef = C8EF65CF1E70B75100B5C8E2 /* SF-UI-Text-Regular.otf */; };
		C8EF65D51E70B75100B5C8E2 /* SF-UI-Text-Semibold.otf in Resources */ = {isa = PBXBuildFile; fileRef = C8EF65D01E70B75100B5C8E2 /* SF-UI-Text-Semibold.otf */; };
		C8EF65D61E70B75100B5C8E2 /* SlaboRegular.ttf in Resources */ = {isa = PBXBuildFile; fileRef = C8EF65D11E70B75100B5C8E2 /* SlaboRegular.ttf */; };
		C8EF65D81E70B75B00B5C8E2 /* CoffeeCapsule.swift in Sources */ = {isa = PBXBuildFile; fileRef = C8EF65D71E70B75B00B5C8E2 /* CoffeeCapsule.swift */; };
		C8EF65DB1E70B78F00B5C8E2 /* CoffeeCapsuleView.swift in Sources */ = {isa = PBXBuildFile; fileRef = C8EF65DA1E70B78F00B5C8E2 /* CoffeeCapsuleView.swift */; };
		C8EF65FD1E73360E00B5C8E2 /* SummaryViewController.swift in Sources */ = {isa = PBXBuildFile; fileRef = C8EF65FC1E73360E00B5C8E2 /* SummaryViewController.swift */; };
		C8EF65FF1E73361D00B5C8E2 /* SummaryTableViewController.swift in Sources */ = {isa = PBXBuildFile; fileRef = C8EF65FE1E73361D00B5C8E2 /* SummaryTableViewController.swift */; };
		C8EF66011E7338BA00B5C8E2 /* SummaryTableViewControllerCell.swift in Sources */ = {isa = PBXBuildFile; fileRef = C8EF66001E7338BA00B5C8E2 /* SummaryTableViewControllerCell.swift */; };
		CCEA14FDA5C8A5ACF7ED05A5 /* Pods_FHNW_WS6C_CoffeeApp.framework in Frameworks */ = {isa = PBXBuildFile; fileRef = E64F11F69F20AA81BBB81375 /* Pods_FHNW_WS6C_CoffeeApp.framework */; };
/* End PBXBuildFile section */

/* Begin PBXFileReference section */
		413908E539B81B714915BD8F /* Pods-FHNW-WS6C-CoffeeApp.release.xcconfig */ = {isa = PBXFileReference; includeInIndex = 1; lastKnownFileType = text.xcconfig; name = "Pods-FHNW-WS6C-CoffeeApp.release.xcconfig"; path = "Pods/Target Support Files/Pods-FHNW-WS6C-CoffeeApp/Pods-FHNW-WS6C-CoffeeApp.release.xcconfig"; sourceTree = "<group>"; };
		C80626DC1E8A71BB00B0C363 /* Consts.swift */ = {isa = PBXFileReference; fileEncoding = 4; lastKnownFileType = sourcecode.swift; path = Consts.swift; sourceTree = "<group>"; };
		C80626DE1E8A884400B0C363 /* ColorExtension.swift */ = {isa = PBXFileReference; fileEncoding = 4; lastKnownFileType = sourcecode.swift; path = ColorExtension.swift; sourceTree = "<group>"; };
		C80626E21E8A8BBB00B0C363 /* FontExtension.swift */ = {isa = PBXFileReference; fileEncoding = 4; lastKnownFileType = sourcecode.swift; path = FontExtension.swift; sourceTree = "<group>"; };
		C80B0C171E86DA1000500FE6 /* CoffeeObject.swift */ = {isa = PBXFileReference; fileEncoding = 4; lastKnownFileType = sourcecode.swift; path = CoffeeObject.swift; sourceTree = "<group>"; };
		C83844AC1E647ED400128033 /* HelperMethods.swift */ = {isa = PBXFileReference; fileEncoding = 4; lastKnownFileType = sourcecode.swift; path = HelperMethods.swift; sourceTree = "<group>"; };
		C83844AE1E647EDB00128033 /* HelperConsts.swift */ = {isa = PBXFileReference; fileEncoding = 4; lastKnownFileType = sourcecode.swift; path = HelperConsts.swift; sourceTree = "<group>"; };
		C83844B01E647EED00128033 /* DataManager.swift */ = {isa = PBXFileReference; fileEncoding = 4; lastKnownFileType = sourcecode.swift; path = DataManager.swift; sourceTree = "<group>"; };
		C83844B61E64807000128033 /* User.swift */ = {isa = PBXFileReference; fileEncoding = 4; lastKnownFileType = sourcecode.swift; path = User.swift; sourceTree = "<group>"; };
		C83844B81E64807A00128033 /* CoffeeType.swift */ = {isa = PBXFileReference; fileEncoding = 4; lastKnownFileType = sourcecode.swift; path = CoffeeType.swift; sourceTree = "<group>"; };
		C8430FFE1E893FDA00B77ABE /* ListExtensions.swift */ = {isa = PBXFileReference; fileEncoding = 4; lastKnownFileType = sourcecode.swift; path = ListExtensions.swift; sourceTree = "<group>"; };
		C86170D81E93C96500CE13D2 /* RoundedImageView.swift */ = {isa = PBXFileReference; fileEncoding = 4; lastKnownFileType = sourcecode.swift; path = RoundedImageView.swift; sourceTree = "<group>"; };
		C871AE9E1E97E99400194711 /* TableViewCellModel.swift */ = {isa = PBXFileReference; fileEncoding = 4; lastKnownFileType = sourcecode.swift; path = TableViewCellModel.swift; sourceTree = "<group>"; };
		C89F56841E76F16000511668 /* FileManager.swift */ = {isa = PBXFileReference; fileEncoding = 4; lastKnownFileType = sourcecode.swift; path = FileManager.swift; sourceTree = "<group>"; };
		C8B45D4A1E662411006FC962 /* SelectUserViewController.swift */ = {isa = PBXFileReference; fileEncoding = 4; lastKnownFileType = sourcecode.swift; path = SelectUserViewController.swift; sourceTree = "<group>"; };
		C8B45D4C1E662576006FC962 /* SelectUserTableViewController.swift */ = {isa = PBXFileReference; fileEncoding = 4; lastKnownFileType = sourcecode.swift; path = SelectUserTableViewController.swift; sourceTree = "<group>"; };
		C8B45D4F1E6627ED006FC962 /* SelectUserTableViewControllerCell.swift */ = {isa = PBXFileReference; fileEncoding = 4; lastKnownFileType = sourcecode.swift; path = SelectUserTableViewControllerCell.swift; sourceTree = "<group>"; };
		C8D3AE091E647CA600B34E56 /* FHNW-WS6C-CoffeeApp.app */ = {isa = PBXFileReference; explicitFileType = wrapper.application; includeInIndex = 0; path = "FHNW-WS6C-CoffeeApp.app"; sourceTree = BUILT_PRODUCTS_DIR; };
		C8D3AE0C1E647CA600B34E56 /* AppDelegate.swift */ = {isa = PBXFileReference; lastKnownFileType = sourcecode.swift; path = AppDelegate.swift; sourceTree = "<group>"; };
		C8D3AE131E647CA600B34E56 /* Base */ = {isa = PBXFileReference; lastKnownFileType = file.storyboard; name = Base; path = Base.lproj/Main.storyboard; sourceTree = "<group>"; };
		C8D3AE151E647CA600B34E56 /* Assets.xcassets */ = {isa = PBXFileReference; lastKnownFileType = folder.assetcatalog; path = Assets.xcassets; sourceTree = "<group>"; };
		C8D3AE181E647CA600B34E56 /* Base */ = {isa = PBXFileReference; lastKnownFileType = file.storyboard; name = Base; path = Base.lproj/LaunchScreen.storyboard; sourceTree = "<group>"; };
		C8D3AE1A1E647CA600B34E56 /* Info.plist */ = {isa = PBXFileReference; lastKnownFileType = text.plist.xml; path = Info.plist; sourceTree = "<group>"; };
		C8DB96231E8FD75B0010CC00 /* MoveLeftRightViewControllerAnimatedTransitioning.swift */ = {isa = PBXFileReference; fileEncoding = 4; lastKnownFileType = sourcecode.swift; path = MoveLeftRightViewControllerAnimatedTransitioning.swift; sourceTree = "<group>"; };
		C8DB96251E8FD8CC0010CC00 /* NavigationControllerDelegate.swift */ = {isa = PBXFileReference; fileEncoding = 4; lastKnownFileType = sourcecode.swift; path = NavigationControllerDelegate.swift; sourceTree = "<group>"; };
		C8E2B1F01E76E2E2001A9882 /* CommunicationManager.swift */ = {isa = PBXFileReference; fileEncoding = 4; lastKnownFileType = sourcecode.swift; path = CommunicationManager.swift; sourceTree = "<group>"; };
		C8EF65BC1E6F65F000B5C8E2 /* CoffeeViewController.swift */ = {isa = PBXFileReference; fileEncoding = 4; lastKnownFileType = sourcecode.swift; path = CoffeeViewController.swift; sourceTree = "<group>"; };
		C8EF65BE1E6F673B00B5C8E2 /* CoffeeTableViewController.swift */ = {isa = PBXFileReference; fileEncoding = 4; lastKnownFileType = sourcecode.swift; path = CoffeeTableViewController.swift; sourceTree = "<group>"; };
		C8EF65C01E6F67C800B5C8E2 /* CoffeeTableViewControllerCell.swift */ = {isa = PBXFileReference; fileEncoding = 4; lastKnownFileType = sourcecode.swift; path = CoffeeTableViewControllerCell.swift; sourceTree = "<group>"; };
		C8EF65CD1E70B75100B5C8E2 /* SF-UI-Text-Light.otf */ = {isa = PBXFileReference; lastKnownFileType = file; path = "SF-UI-Text-Light.otf"; sourceTree = "<group>"; };
		C8EF65CE1E70B75100B5C8E2 /* SF-UI-Text-Medium.otf */ = {isa = PBXFileReference; lastKnownFileType = file; path = "SF-UI-Text-Medium.otf"; sourceTree = "<group>"; };
		C8EF65CF1E70B75100B5C8E2 /* SF-UI-Text-Regular.otf */ = {isa = PBXFileReference; lastKnownFileType = file; path = "SF-UI-Text-Regular.otf"; sourceTree = "<group>"; };
		C8EF65D01E70B75100B5C8E2 /* SF-UI-Text-Semibold.otf */ = {isa = PBXFileReference; lastKnownFileType = file; path = "SF-UI-Text-Semibold.otf"; sourceTree = "<group>"; };
		C8EF65D11E70B75100B5C8E2 /* SlaboRegular.ttf */ = {isa = PBXFileReference; lastKnownFileType = file; path = SlaboRegular.ttf; sourceTree = "<group>"; };
		C8EF65D71E70B75B00B5C8E2 /* CoffeeCapsule.swift */ = {isa = PBXFileReference; fileEncoding = 4; lastKnownFileType = sourcecode.swift; path = CoffeeCapsule.swift; sourceTree = "<group>"; };
		C8EF65DA1E70B78F00B5C8E2 /* CoffeeCapsuleView.swift */ = {isa = PBXFileReference; fileEncoding = 4; lastKnownFileType = sourcecode.swift; path = CoffeeCapsuleView.swift; sourceTree = "<group>"; };
		C8EF65FC1E73360E00B5C8E2 /* SummaryViewController.swift */ = {isa = PBXFileReference; fileEncoding = 4; lastKnownFileType = sourcecode.swift; path = SummaryViewController.swift; sourceTree = "<group>"; };
		C8EF65FE1E73361D00B5C8E2 /* SummaryTableViewController.swift */ = {isa = PBXFileReference; fileEncoding = 4; lastKnownFileType = sourcecode.swift; path = SummaryTableViewController.swift; sourceTree = "<group>"; };
		C8EF66001E7338BA00B5C8E2 /* SummaryTableViewControllerCell.swift */ = {isa = PBXFileReference; fileEncoding = 4; lastKnownFileType = sourcecode.swift; path = SummaryTableViewControllerCell.swift; sourceTree = "<group>"; };
		DA1CD111D9C7E9443A08A910 /* Pods-FHNW-WS6C-CoffeeApp.debug.xcconfig */ = {isa = PBXFileReference; includeInIndex = 1; lastKnownFileType = text.xcconfig; name = "Pods-FHNW-WS6C-CoffeeApp.debug.xcconfig"; path = "Pods/Target Support Files/Pods-FHNW-WS6C-CoffeeApp/Pods-FHNW-WS6C-CoffeeApp.debug.xcconfig"; sourceTree = "<group>"; };
		E64F11F69F20AA81BBB81375 /* Pods_FHNW_WS6C_CoffeeApp.framework */ = {isa = PBXFileReference; explicitFileType = wrapper.framework; includeInIndex = 0; path = Pods_FHNW_WS6C_CoffeeApp.framework; sourceTree = BUILT_PRODUCTS_DIR; };
/* End PBXFileReference section */

/* Begin PBXFrameworksBuildPhase section */
		C8D3AE061E647CA600B34E56 /* Frameworks */ = {
			isa = PBXFrameworksBuildPhase;
			buildActionMask = 2147483647;
			files = (
				CCEA14FDA5C8A5ACF7ED05A5 /* Pods_FHNW_WS6C_CoffeeApp.framework in Frameworks */,
			);
			runOnlyForDeploymentPostprocessing = 0;
		};
/* End PBXFrameworksBuildPhase section */

/* Begin PBXGroup section */
		1DCFE117F1B0DFCEC0EAE44B /* Pods */ = {
			isa = PBXGroup;
			children = (
				DA1CD111D9C7E9443A08A910 /* Pods-FHNW-WS6C-CoffeeApp.debug.xcconfig */,
				413908E539B81B714915BD8F /* Pods-FHNW-WS6C-CoffeeApp.release.xcconfig */,
			);
			name = Pods;
			sourceTree = "<group>";
		};
		85F0D1787E35A76EB585D52C /* Frameworks */ = {
			isa = PBXGroup;
			children = (
				E64F11F69F20AA81BBB81375 /* Pods_FHNW_WS6C_CoffeeApp.framework */,
			);
			name = Frameworks;
			sourceTree = "<group>";
		};
		C80626D71E8A422800B0C363 /* SelectUserView */ = {
			isa = PBXGroup;
			children = (
				C8B45D4A1E662411006FC962 /* SelectUserViewController.swift */,
				C8B45D4C1E662576006FC962 /* SelectUserTableViewController.swift */,
			);
			name = SelectUserView;
			sourceTree = "<group>";
		};
		C80626D81E8A424000B0C363 /* CoffeeView */ = {
			isa = PBXGroup;
			children = (
				C8EF65BC1E6F65F000B5C8E2 /* CoffeeViewController.swift */,
				C8EF65BE1E6F673B00B5C8E2 /* CoffeeTableViewController.swift */,
			);
			name = CoffeeView;
			sourceTree = "<group>";
		};
		C80626D91E8A425700B0C363 /* SummaryView */ = {
			isa = PBXGroup;
			children = (
				C8EF65FC1E73360E00B5C8E2 /* SummaryViewController.swift */,
				C8EF65FE1E73361D00B5C8E2 /* SummaryTableViewController.swift */,
			);
			name = SummaryView;
			sourceTree = "<group>";
		};
		C80626E11E8A8B6D00B0C363 /* Extensions */ = {
			isa = PBXGroup;
			children = (
				C8430FFE1E893FDA00B77ABE /* ListExtensions.swift */,
				C80626DE1E8A884400B0C363 /* ColorExtension.swift */,
				C80626E21E8A8BBB00B0C363 /* FontExtension.swift */,
			);
			name = Extensions;
			sourceTree = "<group>";
		};
		C80626E41E8ABAEC00B0C363 /* Views */ = {
			isa = PBXGroup;
			children = (
				C8EF65DA1E70B78F00B5C8E2 /* CoffeeCapsuleView.swift */,
				C8EF65D71E70B75B00B5C8E2 /* CoffeeCapsule.swift */,
				C86170D81E93C96500CE13D2 /* RoundedImageView.swift */,
			);
			name = Views;
			sourceTree = "<group>";
		};
		C83844A81E647DEC00128033 /* ViewControllers */ = {
			isa = PBXGroup;
			children = (
				C80626D71E8A422800B0C363 /* SelectUserView */,
				C80626D81E8A424000B0C363 /* CoffeeView */,
				C80626D91E8A425700B0C363 /* SummaryView */,
				C8DB96251E8FD8CC0010CC00 /* NavigationControllerDelegate.swift */,
				C8DB96231E8FD75B0010CC00 /* MoveLeftRightViewControllerAnimatedTransitioning.swift */,
			);
			name = ViewControllers;
			sourceTree = "<group>";
		};
		C83844A91E647DF800128033 /* Managers */ = {
			isa = PBXGroup;
			children = (
				C89F56841E76F16000511668 /* FileManager.swift */,
				C83844B01E647EED00128033 /* DataManager.swift */,
				C8E2B1F01E76E2E2001A9882 /* CommunicationManager.swift */,
			);
			name = Managers;
			sourceTree = "<group>";
		};
		C83844AA1E647E2D00128033 /* Models */ = {
			isa = PBXGroup;
			children = (
				C83844B61E64807000128033 /* User.swift */,
				C83844B81E64807A00128033 /* CoffeeType.swift */,
				C80B0C171E86DA1000500FE6 /* CoffeeObject.swift */,
				C871AE9E1E97E99400194711 /* TableViewCellModel.swift */,
			);
			name = Models;
			sourceTree = "<group>";
		};
		C83844AB1E647E5A00128033 /* Helpers */ = {
			isa = PBXGroup;
			children = (
				C83844AC1E647ED400128033 /* HelperMethods.swift */,
				C83844AE1E647EDB00128033 /* HelperConsts.swift */,
				C80626DC1E8A71BB00B0C363 /* Consts.swift */,
			);
			name = Helpers;
			sourceTree = "<group>";
		};
		C8B45D4E1E6627C8006FC962 /* TableViewControllerCells */ = {
			isa = PBXGroup;
			children = (
				C8B45D4F1E6627ED006FC962 /* SelectUserTableViewControllerCell.swift */,
				C8EF65C01E6F67C800B5C8E2 /* CoffeeTableViewControllerCell.swift */,
				C8EF66001E7338BA00B5C8E2 /* SummaryTableViewControllerCell.swift */,
			);
			name = TableViewControllerCells;
			sourceTree = "<group>";
		};
		C8D3AE001E647CA600B34E56 = {
			isa = PBXGroup;
			children = (
				C8D3AE0B1E647CA600B34E56 /* FHNW-WS6C-CoffeeApp */,
				C8D3AE0A1E647CA600B34E56 /* Products */,
				1DCFE117F1B0DFCEC0EAE44B /* Pods */,
				85F0D1787E35A76EB585D52C /* Frameworks */,
			);
			sourceTree = "<group>";
		};
		C8D3AE0A1E647CA600B34E56 /* Products */ = {
			isa = PBXGroup;
			children = (
				C8D3AE091E647CA600B34E56 /* FHNW-WS6C-CoffeeApp.app */,
			);
			name = Products;
			sourceTree = "<group>";
		};
		C8D3AE0B1E647CA600B34E56 /* FHNW-WS6C-CoffeeApp */ = {
			isa = PBXGroup;
			children = (
				C8D3AE0C1E647CA600B34E56 /* AppDelegate.swift */,
				C83844A81E647DEC00128033 /* ViewControllers */,
				C8B45D4E1E6627C8006FC962 /* TableViewControllerCells */,
				C80626E41E8ABAEC00B0C363 /* Views */,
				C83844A91E647DF800128033 /* Managers */,
				C83844AA1E647E2D00128033 /* Models */,
				C80626E11E8A8B6D00B0C363 /* Extensions */,
				C83844AB1E647E5A00128033 /* Helpers */,
				C8D3AE121E647CA600B34E56 /* Main.storyboard */,
				C8EF65B91E6F09B500B5C8E2 /* Assets */,
			);
			path = "FHNW-WS6C-CoffeeApp";
			sourceTree = "<group>";
		};
		C8EF65B91E6F09B500B5C8E2 /* Assets */ = {
			isa = PBXGroup;
			children = (
				C8EF65C21E70A58B00B5C8E2 /* Fonts */,
				C8D3AE151E647CA600B34E56 /* Assets.xcassets */,
				C8D3AE171E647CA600B34E56 /* LaunchScreen.storyboard */,
				C8D3AE1A1E647CA600B34E56 /* Info.plist */,
			);
			name = Assets;
			sourceTree = "<group>";
		};
		C8EF65C21E70A58B00B5C8E2 /* Fonts */ = {
			isa = PBXGroup;
			children = (
				C8EF65CD1E70B75100B5C8E2 /* SF-UI-Text-Light.otf */,
				C8EF65CE1E70B75100B5C8E2 /* SF-UI-Text-Medium.otf */,
				C8EF65CF1E70B75100B5C8E2 /* SF-UI-Text-Regular.otf */,
				C8EF65D01E70B75100B5C8E2 /* SF-UI-Text-Semibold.otf */,
				C8EF65D11E70B75100B5C8E2 /* SlaboRegular.ttf */,
			);
			name = Fonts;
			sourceTree = "<group>";
		};
/* End PBXGroup section */

/* Begin PBXNativeTarget section */
		C8D3AE081E647CA600B34E56 /* FHNW-WS6C-CoffeeApp */ = {
			isa = PBXNativeTarget;
			buildConfigurationList = C8D3AE1D1E647CA600B34E56 /* Build configuration list for PBXNativeTarget "FHNW-WS6C-CoffeeApp" */;
			buildPhases = (
				0DCD2ABFFD19E087D3D4B720 /* [CP] Check Pods Manifest.lock */,
				C8D3AE051E647CA600B34E56 /* Sources */,
				C8D3AE061E647CA600B34E56 /* Frameworks */,
				C8D3AE071E647CA600B34E56 /* Resources */,
				8A36192B831349075EC79C31 /* [CP] Embed Pods Frameworks */,
				290C2539400BA5C8E7A8AA49 /* [CP] Copy Pods Resources */,
			);
			buildRules = (
			);
			dependencies = (
			);
			name = "FHNW-WS6C-CoffeeApp";
			productName = "FHNW-WS6C-CoffeeApp";
			productReference = C8D3AE091E647CA600B34E56 /* FHNW-WS6C-CoffeeApp.app */;
			productType = "com.apple.product-type.application";
		};
/* End PBXNativeTarget section */

/* Begin PBXProject section */
		C8D3AE011E647CA600B34E56 /* Project object */ = {
			isa = PBXProject;
			attributes = {
				LastSwiftUpdateCheck = 0820;
				LastUpgradeCheck = 0820;
				ORGANIZATIONNAME = FHNW;
				TargetAttributes = {
					C8D3AE081E647CA600B34E56 = {
						CreatedOnToolsVersion = 8.2.1;
						DevelopmentTeam = D24DM82NNB;
						ProvisioningStyle = Automatic;
					};
				};
			};
			buildConfigurationList = C8D3AE041E647CA600B34E56 /* Build configuration list for PBXProject "FHNW-WS6C-CoffeeApp" */;
			compatibilityVersion = "Xcode 3.2";
			developmentRegion = English;
			hasScannedForEncodings = 0;
			knownRegions = (
				en,
				Base,
			);
			mainGroup = C8D3AE001E647CA600B34E56;
			productRefGroup = C8D3AE0A1E647CA600B34E56 /* Products */;
			projectDirPath = "";
			projectRoot = "";
			targets = (
				C8D3AE081E647CA600B34E56 /* FHNW-WS6C-CoffeeApp */,
			);
		};
/* End PBXProject section */

/* Begin PBXResourcesBuildPhase section */
		C8D3AE071E647CA600B34E56 /* Resources */ = {
			isa = PBXResourcesBuildPhase;
			buildActionMask = 2147483647;
			files = (
				C8EF65D51E70B75100B5C8E2 /* SF-UI-Text-Semibold.otf in Resources */,
				C8D3AE191E647CA600B34E56 /* LaunchScreen.storyboard in Resources */,
				C8D3AE161E647CA600B34E56 /* Assets.xcassets in Resources */,
				C8EF65D41E70B75100B5C8E2 /* SF-UI-Text-Regular.otf in Resources */,
				C8EF65D21E70B75100B5C8E2 /* SF-UI-Text-Light.otf in Resources */,
				C8EF65D31E70B75100B5C8E2 /* SF-UI-Text-Medium.otf in Resources */,
				C8D3AE141E647CA600B34E56 /* Main.storyboard in Resources */,
				C8EF65D61E70B75100B5C8E2 /* SlaboRegular.ttf in Resources */,
			);
			runOnlyForDeploymentPostprocessing = 0;
		};
/* End PBXResourcesBuildPhase section */

/* Begin PBXShellScriptBuildPhase section */
		0DCD2ABFFD19E087D3D4B720 /* [CP] Check Pods Manifest.lock */ = {
			isa = PBXShellScriptBuildPhase;
			buildActionMask = 2147483647;
			files = (
			);
			inputPaths = (
			);
			name = "[CP] Check Pods Manifest.lock";
			outputPaths = (
			);
			runOnlyForDeploymentPostprocessing = 0;
			shellPath = /bin/sh;
			shellScript = "diff \"${PODS_ROOT}/../Podfile.lock\" \"${PODS_ROOT}/Manifest.lock\" > /dev/null\nif [ $? != 0 ] ; then\n    # print error to STDERR\n    echo \"error: The sandbox is not in sync with the Podfile.lock. Run 'pod install' or update your CocoaPods installation.\" >&2\n    exit 1\nfi\n";
			showEnvVarsInLog = 0;
		};
		290C2539400BA5C8E7A8AA49 /* [CP] Copy Pods Resources */ = {
			isa = PBXShellScriptBuildPhase;
			buildActionMask = 2147483647;
			files = (
			);
			inputPaths = (
			);
			name = "[CP] Copy Pods Resources";
			outputPaths = (
			);
			runOnlyForDeploymentPostprocessing = 0;
			shellPath = /bin/sh;
			shellScript = "\"${SRCROOT}/Pods/Target Support Files/Pods-FHNW-WS6C-CoffeeApp/Pods-FHNW-WS6C-CoffeeApp-resources.sh\"\n";
			showEnvVarsInLog = 0;
		};
		8A36192B831349075EC79C31 /* [CP] Embed Pods Frameworks */ = {
			isa = PBXShellScriptBuildPhase;
			buildActionMask = 2147483647;
			files = (
			);
			inputPaths = (
			);
			name = "[CP] Embed Pods Frameworks";
			outputPaths = (
			);
			runOnlyForDeploymentPostprocessing = 0;
			shellPath = /bin/sh;
			shellScript = "\"${SRCROOT}/Pods/Target Support Files/Pods-FHNW-WS6C-CoffeeApp/Pods-FHNW-WS6C-CoffeeApp-frameworks.sh\"\n";
			showEnvVarsInLog = 0;
		};
/* End PBXShellScriptBuildPhase section */

/* Begin PBXSourcesBuildPhase section */
		C8D3AE051E647CA600B34E56 /* Sources */ = {
			isa = PBXSourcesBuildPhase;
			buildActionMask = 2147483647;
			files = (
				C80626E31E8A8BBB00B0C363 /* FontExtension.swift in Sources */,
				C83844B91E64807A00128033 /* CoffeeType.swift in Sources */,
				C8EF65DB1E70B78F00B5C8E2 /* CoffeeCapsuleView.swift in Sources */,
				C89F56851E76F16000511668 /* FileManager.swift in Sources */,
				C80626DF1E8A884400B0C363 /* ColorExtension.swift in Sources */,
				C8430FFF1E893FDA00B77ABE /* ListExtensions.swift in Sources */,
				C8EF65BF1E6F673B00B5C8E2 /* CoffeeTableViewController.swift in Sources */,
				C83844B11E647EED00128033 /* DataManager.swift in Sources */,
				C8EF65BD1E6F65F000B5C8E2 /* CoffeeViewController.swift in Sources */,
				C8EF65FD1E73360E00B5C8E2 /* SummaryViewController.swift in Sources */,
				C83844AF1E647EDB00128033 /* HelperConsts.swift in Sources */,
				C871AE9F1E97E99400194711 /* TableViewCellModel.swift in Sources */,
				C8DB96261E8FD8CC0010CC00 /* NavigationControllerDelegate.swift in Sources */,
				C8EF65D81E70B75B00B5C8E2 /* CoffeeCapsule.swift in Sources */,
				C8E2B1F11E76E2E2001A9882 /* CommunicationManager.swift in Sources */,
				C8D3AE0D1E647CA600B34E56 /* AppDelegate.swift in Sources */,
				C8B45D4B1E662411006FC962 /* SelectUserViewController.swift in Sources */,
				C83844B71E64807000128033 /* User.swift in Sources */,
				C8B45D501E6627ED006FC962 /* SelectUserTableViewControllerCell.swift in Sources */,
				C8B45D4D1E662576006FC962 /* SelectUserTableViewController.swift in Sources */,
				C86170D91E93C96500CE13D2 /* RoundedImageView.swift in Sources */,
				C8DB96241E8FD75B0010CC00 /* MoveLeftRightViewControllerAnimatedTransitioning.swift in Sources */,
				C8EF65C11E6F67C800B5C8E2 /* CoffeeTableViewControllerCell.swift in Sources */,
				C80B0C181E86DA1000500FE6 /* CoffeeObject.swift in Sources */,
				C80626DD1E8A71BB00B0C363 /* Consts.swift in Sources */,
				C8EF66011E7338BA00B5C8E2 /* SummaryTableViewControllerCell.swift in Sources */,
				C8EF65FF1E73361D00B5C8E2 /* SummaryTableViewController.swift in Sources */,
				C83844AD1E647ED400128033 /* HelperMethods.swift in Sources */,
			);
			runOnlyForDeploymentPostprocessing = 0;
		};
/* End PBXSourcesBuildPhase section */

/* Begin PBXVariantGroup section */
		C8D3AE121E647CA600B34E56 /* Main.storyboard */ = {
			isa = PBXVariantGroup;
			children = (
				C8D3AE131E647CA600B34E56 /* Base */,
			);
			name = Main.storyboard;
			sourceTree = "<group>";
		};
		C8D3AE171E647CA600B34E56 /* LaunchScreen.storyboard */ = {
			isa = PBXVariantGroup;
			children = (
				C8D3AE181E647CA600B34E56 /* Base */,
			);
			name = LaunchScreen.storyboard;
			sourceTree = "<group>";
		};
/* End PBXVariantGroup section */

/* Begin XCBuildConfiguration section */
		C8D3AE1B1E647CA600B34E56 /* Debug */ = {
			isa = XCBuildConfiguration;
			buildSettings = {
				ALWAYS_SEARCH_USER_PATHS = NO;
				CLANG_ANALYZER_NONNULL = YES;
				CLANG_CXX_LANGUAGE_STANDARD = "gnu++0x";
				CLANG_CXX_LIBRARY = "libc++";
				CLANG_ENABLE_MODULES = YES;
				CLANG_ENABLE_OBJC_ARC = YES;
				CLANG_WARN_BOOL_CONVERSION = YES;
				CLANG_WARN_CONSTANT_CONVERSION = YES;
				CLANG_WARN_DIRECT_OBJC_ISA_USAGE = YES_ERROR;
				CLANG_WARN_DOCUMENTATION_COMMENTS = YES;
				CLANG_WARN_EMPTY_BODY = YES;
				CLANG_WARN_ENUM_CONVERSION = YES;
				CLANG_WARN_INFINITE_RECURSION = YES;
				CLANG_WARN_INT_CONVERSION = YES;
				CLANG_WARN_OBJC_ROOT_CLASS = YES_ERROR;
				CLANG_WARN_SUSPICIOUS_MOVE = YES;
				CLANG_WARN_UNREACHABLE_CODE = YES;
				CLANG_WARN__DUPLICATE_METHOD_MATCH = YES;
				"CODE_SIGN_IDENTITY[sdk=iphoneos*]" = "iPhone Developer";
				COPY_PHASE_STRIP = NO;
				DEBUG_INFORMATION_FORMAT = dwarf;
				ENABLE_STRICT_OBJC_MSGSEND = YES;
				ENABLE_TESTABILITY = YES;
				GCC_C_LANGUAGE_STANDARD = gnu99;
				GCC_DYNAMIC_NO_PIC = NO;
				GCC_NO_COMMON_BLOCKS = YES;
				GCC_OPTIMIZATION_LEVEL = 0;
				GCC_PREPROCESSOR_DEFINITIONS = (
					"DEBUG=1",
					"$(inherited)",
				);
				GCC_WARN_64_TO_32_BIT_CONVERSION = YES;
				GCC_WARN_ABOUT_RETURN_TYPE = YES_ERROR;
				GCC_WARN_UNDECLARED_SELECTOR = YES;
				GCC_WARN_UNINITIALIZED_AUTOS = YES_AGGRESSIVE;
				GCC_WARN_UNUSED_FUNCTION = YES;
				GCC_WARN_UNUSED_VARIABLE = YES;
				IPHONEOS_DEPLOYMENT_TARGET = 10.2;
				MTL_ENABLE_DEBUG_INFO = YES;
				ONLY_ACTIVE_ARCH = YES;
				SDKROOT = iphoneos;
				SWIFT_ACTIVE_COMPILATION_CONDITIONS = DEBUG;
				SWIFT_OPTIMIZATION_LEVEL = "-Onone";
			};
			name = Debug;
		};
		C8D3AE1C1E647CA600B34E56 /* Release */ = {
			isa = XCBuildConfiguration;
			buildSettings = {
				ALWAYS_SEARCH_USER_PATHS = NO;
				CLANG_ANALYZER_NONNULL = YES;
				CLANG_CXX_LANGUAGE_STANDARD = "gnu++0x";
				CLANG_CXX_LIBRARY = "libc++";
				CLANG_ENABLE_MODULES = YES;
				CLANG_ENABLE_OBJC_ARC = YES;
				CLANG_WARN_BOOL_CONVERSION = YES;
				CLANG_WARN_CONSTANT_CONVERSION = YES;
				CLANG_WARN_DIRECT_OBJC_ISA_USAGE = YES_ERROR;
				CLANG_WARN_DOCUMENTATION_COMMENTS = YES;
				CLANG_WARN_EMPTY_BODY = YES;
				CLANG_WARN_ENUM_CONVERSION = YES;
				CLANG_WARN_INFINITE_RECURSION = YES;
				CLANG_WARN_INT_CONVERSION = YES;
				CLANG_WARN_OBJC_ROOT_CLASS = YES_ERROR;
				CLANG_WARN_SUSPICIOUS_MOVE = YES;
				CLANG_WARN_UNREACHABLE_CODE = YES;
				CLANG_WARN__DUPLICATE_METHOD_MATCH = YES;
				"CODE_SIGN_IDENTITY[sdk=iphoneos*]" = "iPhone Developer";
				COPY_PHASE_STRIP = NO;
				DEBUG_INFORMATION_FORMAT = "dwarf-with-dsym";
				ENABLE_NS_ASSERTIONS = NO;
				ENABLE_STRICT_OBJC_MSGSEND = YES;
				GCC_C_LANGUAGE_STANDARD = gnu99;
				GCC_NO_COMMON_BLOCKS = YES;
				GCC_WARN_64_TO_32_BIT_CONVERSION = YES;
				GCC_WARN_ABOUT_RETURN_TYPE = YES_ERROR;
				GCC_WARN_UNDECLARED_SELECTOR = YES;
				GCC_WARN_UNINITIALIZED_AUTOS = YES_AGGRESSIVE;
				GCC_WARN_UNUSED_FUNCTION = YES;
				GCC_WARN_UNUSED_VARIABLE = YES;
				IPHONEOS_DEPLOYMENT_TARGET = 10.2;
				MTL_ENABLE_DEBUG_INFO = NO;
				SDKROOT = iphoneos;
				SWIFT_OPTIMIZATION_LEVEL = "-Owholemodule";
				VALIDATE_PRODUCT = YES;
			};
			name = Release;
		};
		C8D3AE1E1E647CA600B34E56 /* Debug */ = {
			isa = XCBuildConfiguration;
			baseConfigurationReference = DA1CD111D9C7E9443A08A910 /* Pods-FHNW-WS6C-CoffeeApp.debug.xcconfig */;
			buildSettings = {
				ASSETCATALOG_COMPILER_APPICON_NAME = AppIcon;
				DEVELOPMENT_TEAM = D24DM82NNB;
				INFOPLIST_FILE = "FHNW-WS6C-CoffeeApp/Info.plist";
				LD_RUNPATH_SEARCH_PATHS = "$(inherited) @executable_path/Frameworks";
				PRODUCT_BUNDLE_IDENTIFIER = "ch.fhnw.FHNW-WS6C-CoffeeApp";
				PRODUCT_NAME = "$(TARGET_NAME)";
				SWIFT_VERSION = 3.0;
			};
			name = Debug;
		};
		C8D3AE1F1E647CA600B34E56 /* Release */ = {
			isa = XCBuildConfiguration;
			baseConfigurationReference = 413908E539B81B714915BD8F /* Pods-FHNW-WS6C-CoffeeApp.release.xcconfig */;
			buildSettings = {
				ASSETCATALOG_COMPILER_APPICON_NAME = AppIcon;
				DEVELOPMENT_TEAM = D24DM82NNB;
				INFOPLIST_FILE = "FHNW-WS6C-CoffeeApp/Info.plist";
				LD_RUNPATH_SEARCH_PATHS = "$(inherited) @executable_path/Frameworks";
				PRODUCT_BUNDLE_IDENTIFIER = "ch.fhnw.FHNW-WS6C-CoffeeApp";
				PRODUCT_NAME = "$(TARGET_NAME)";
				SWIFT_VERSION = 3.0;
			};
			name = Release;
		};
/* End XCBuildConfiguration section */

/* Begin XCConfigurationList section */
		C8D3AE041E647CA600B34E56 /* Build configuration list for PBXProject "FHNW-WS6C-CoffeeApp" */ = {
			isa = XCConfigurationList;
			buildConfigurations = (
				C8D3AE1B1E647CA600B34E56 /* Debug */,
				C8D3AE1C1E647CA600B34E56 /* Release */,
			);
			defaultConfigurationIsVisible = 0;
			defaultConfigurationName = Release;
		};
		C8D3AE1D1E647CA600B34E56 /* Build configuration list for PBXNativeTarget "FHNW-WS6C-CoffeeApp" */ = {
			isa = XCConfigurationList;
			buildConfigurations = (
				C8D3AE1E1E647CA600B34E56 /* Debug */,
				C8D3AE1F1E647CA600B34E56 /* Release */,
			);
			defaultConfigurationIsVisible = 0;
			defaultConfigurationName = Release;
		};
/* End XCConfigurationList section */
	};
	rootObject = C8D3AE011E647CA600B34E56 /* Project object */;
}
